
Microsoft Visual Studio Solution File, Format Version 12.00
# Visual Studio Version 16
VisualStudioVersion = 16.0.33027.164
MinimumVisualStudioVersion = 10.0.40219.1
Project("{FAE04EC0-301F-11D3-BF4B-00C04F79EFBC}") = "Ejercicios sesión 4", "Ejercicios sesión 4\Ejercicios sesión 4.csproj", "{755BC4C3-6D6C-49B2-B976-360529879090}"
EndProject
Global
	GlobalSection(SolutionConfigurationPlatforms) = preSolution
		Debug|Any CPU = Debug|Any CPU
		Release|Any CPU = Release|Any CPU
	EndGlobalSection
	GlobalSection(ProjectConfigurationPlatforms) = postSolution
		{755BC4C3-6D6C-49B2-B976-360529879090}.Debug|Any CPU.ActiveCfg = Debug|Any CPU
		{755BC4C3-6D6C-49B2-B976-360529879090}.Debug|Any CPU.Build.0 = Debug|Any CPU
		{755BC4C3-6D6C-49B2-B976-360529879090}.Release|Any CPU.ActiveCfg = Release|Any CPU
		{755BC4C3-6D6C-49B2-B976-360529879090}.Release|Any CPU.Build.0 = Release|Any CPU
	EndGlobalSection
	GlobalSection(SolutionProperties) = preSolution
		HideSolutionNode = FALSE
	EndGlobalSection
	GlobalSection(ExtensibilityGlobals) = postSolution
		SolutionGuid = {036E20B7-0EA5-43BF-9744-016035949CAA}
	EndGlobalSection
EndGlobal
